// !$*UTF8*$!
{
	archiveVersion = 1;
	classes = {
	};
	objectVersion = 55;
	objects = {

/* Begin PBXBuildFile section */
		CE33E157275F8B8C00193498 /* AppDelegate.swift in Sources */ = {isa = PBXBuildFile; fileRef = CE33E156275F8B8C00193498 /* AppDelegate.swift */; };
		CE33E159275F8B8C00193498 /* SceneDelegate.swift in Sources */ = {isa = PBXBuildFile; fileRef = CE33E158275F8B8C00193498 /* SceneDelegate.swift */; };
		CE33E160275F8B8E00193498 /* Assets.xcassets in Resources */ = {isa = PBXBuildFile; fileRef = CE33E15F275F8B8E00193498 /* Assets.xcassets */; };
		CE33E163275F8B8E00193498 /* LaunchScreen.storyboard in Resources */ = {isa = PBXBuildFile; fileRef = CE33E161275F8B8E00193498 /* LaunchScreen.storyboard */; };
		CE33E16E275F8B8E00193498 /* VIPER1Tests.swift in Sources */ = {isa = PBXBuildFile; fileRef = CE33E16D275F8B8E00193498 /* VIPER1Tests.swift */; };
		CE33E178275F8B8E00193498 /* VIPER1UITests.swift in Sources */ = {isa = PBXBuildFile; fileRef = CE33E177275F8B8E00193498 /* VIPER1UITests.swift */; };
		CE33E17A275F8B8E00193498 /* VIPER1UITestsLaunchTests.swift in Sources */ = {isa = PBXBuildFile; fileRef = CE33E179275F8B8E00193498 /* VIPER1UITestsLaunchTests.swift */; };
		CE33E189275F8C1D00193498 /* View.swift in Sources */ = {isa = PBXBuildFile; fileRef = CE33E188275F8C1D00193498 /* View.swift */; };
		CE33E18B275F8C3500193498 /* Interactor.swift in Sources */ = {isa = PBXBuildFile; fileRef = CE33E18A275F8C3500193498 /* Interactor.swift */; };
		CE33E18D275F8C9B00193498 /* Presenter.swift in Sources */ = {isa = PBXBuildFile; fileRef = CE33E18C275F8C9B00193498 /* Presenter.swift */; };
		CE33E18F275F8CC700193498 /* Entity.swift in Sources */ = {isa = PBXBuildFile; fileRef = CE33E18E275F8CC700193498 /* Entity.swift */; };
		CE33E191275F8CE400193498 /* Router.swift in Sources */ = {isa = PBXBuildFile; fileRef = CE33E190275F8CE400193498 /* Router.swift */; };
/* End PBXBuildFile section */

/* Begin PBXContainerItemProxy section */
		CE33E16A275F8B8E00193498 /* PBXContainerItemProxy */ = {
			isa = PBXContainerItemProxy;
			containerPortal = CE33E14B275F8B8C00193498 /* Project object */;
			proxyType = 1;
			remoteGlobalIDString = CE33E152275F8B8C00193498;
			remoteInfo = VIPER1;
		};
		CE33E174275F8B8E00193498 /* PBXContainerItemProxy */ = {
			isa = PBXContainerItemProxy;
			containerPortal = CE33E14B275F8B8C00193498 /* Project object */;
			proxyType = 1;
			remoteGlobalIDString = CE33E152275F8B8C00193498;
			remoteInfo = VIPER1;
		};
/* End PBXContainerItemProxy section */

/* Begin PBXFileReference section */
		CE33E153275F8B8C00193498 /* VIPER1.app */ = {isa = PBXFileReference; explicitFileType = wrapper.application; includeInIndex = 0; path = VIPER1.app; sourceTree = BUILT_PRODUCTS_DIR; };
		CE33E156275F8B8C00193498 /* AppDelegate.swift */ = {isa = PBXFileReference; lastKnownFileType = sourcecode.swift; path = AppDelegate.swift; sourceTree = "<group>"; };
		CE33E158275F8B8C00193498 /* SceneDelegate.swift */ = {isa = PBXFileReference; lastKnownFileType = sourcecode.swift; path = SceneDelegate.swift; sourceTree = "<group>"; };
		CE33E15F275F8B8E00193498 /* Assets.xcassets */ = {isa = PBXFileReference; lastKnownFileType = folder.assetcatalog; path = Assets.xcassets; sourceTree = "<group>"; };
		CE33E162275F8B8E00193498 /* Base */ = {isa = PBXFileReference; lastKnownFileType = file.storyboard; name = Base; path = Base.lproj/LaunchScreen.storyboard; sourceTree = "<group>"; };
		CE33E164275F8B8E00193498 /* Info.plist */ = {isa = PBXFileReference; lastKnownFileType = text.plist.xml; path = Info.plist; sourceTree = "<group>"; };
		CE33E169275F8B8E00193498 /* VIPER1Tests.xctest */ = {isa = PBXFileReference; explicitFileType = wrapper.cfbundle; includeInIndex = 0; path = VIPER1Tests.xctest; sourceTree = BUILT_PRODUCTS_DIR; };
		CE33E16D275F8B8E00193498 /* VIPER1Tests.swift */ = {isa = PBXFileReference; lastKnownFileType = sourcecode.swift; path = VIPER1Tests.swift; sourceTree = "<group>"; };
		CE33E173275F8B8E00193498 /* VIPER1UITests.xctest */ = {isa = PBXFileReference; explicitFileType = wrapper.cfbundle; includeInIndex = 0; path = VIPER1UITests.xctest; sourceTree = BUILT_PRODUCTS_DIR; };
		CE33E177275F8B8E00193498 /* VIPER1UITests.swift */ = {isa = PBXFileReference; lastKnownFileType = sourcecode.swift; path = VIPER1UITests.swift; sourceTree = "<group>"; };
		CE33E179275F8B8E00193498 /* VIPER1UITestsLaunchTests.swift */ = {isa = PBXFileReference; lastKnownFileType = sourcecode.swift; path = VIPER1UITestsLaunchTests.swift; sourceTree = "<group>"; };
		CE33E188275F8C1D00193498 /* View.swift */ = {isa = PBXFileReference; lastKnownFileType = sourcecode.swift; path = View.swift; sourceTree = "<group>"; };
		CE33E18A275F8C3500193498 /* Interactor.swift */ = {isa = PBXFileReference; lastKnownFileType = sourcecode.swift; path = Interactor.swift; sourceTree = "<group>"; };
		CE33E18C275F8C9B00193498 /* Presenter.swift */ = {isa = PBXFileReference; lastKnownFileType = sourcecode.swift; path = Presenter.swift; sourceTree = "<group>"; };
		CE33E18E275F8CC700193498 /* Entity.swift */ = {isa = PBXFileReference; lastKnownFileType = sourcecode.swift; path = Entity.swift; sourceTree = "<group>"; };
		CE33E190275F8CE400193498 /* Router.swift */ = {isa = PBXFileReference; lastKnownFileType = sourcecode.swift; path = Router.swift; sourceTree = "<group>"; };
/* End PBXFileReference section */

/* Begin PBXFrameworksBuildPhase section */
		CE33E150275F8B8C00193498 /* Frameworks */ = {
			isa = PBXFrameworksBuildPhase;
			buildActionMask = 2147483647;
			files = (
			);
			runOnlyForDeploymentPostprocessing = 0;
		};
		CE33E166275F8B8E00193498 /* Frameworks */ = {
			isa = PBXFrameworksBuildPhase;
			buildActionMask = 2147483647;
			files = (
			);
			runOnlyForDeploymentPostprocessing = 0;
		};
		CE33E170275F8B8E00193498 /* Frameworks */ = {
			isa = PBXFrameworksBuildPhase;
			buildActionMask = 2147483647;
			files = (
			);
			runOnlyForDeploymentPostprocessing = 0;
		};
/* End PBXFrameworksBuildPhase section */

/* Begin PBXGroup section */
		CE33E14A275F8B8C00193498 = {
			isa = PBXGroup;
			children = (
				CE33E155275F8B8C00193498 /* VIPER1 */,
				CE33E16C275F8B8E00193498 /* VIPER1Tests */,
				CE33E176275F8B8E00193498 /* VIPER1UITests */,
				CE33E154275F8B8C00193498 /* Products */,
			);
			sourceTree = "<group>";
		};
		CE33E154275F8B8C00193498 /* Products */ = {
			isa = PBXGroup;
			children = (
				CE33E153275F8B8C00193498 /* VIPER1.app */,
				CE33E169275F8B8E00193498 /* VIPER1Tests.xctest */,
				CE33E173275F8B8E00193498 /* VIPER1UITests.xctest */,
			);
			name = Products;
			sourceTree = "<group>";
		};
		CE33E155275F8B8C00193498 /* VIPER1 */ = {
			isa = PBXGroup;
			children = (
				CE33E187275F8BDD00193498 /* VIPER1 */,
				CE33E156275F8B8C00193498 /* AppDelegate.swift */,
				CE33E158275F8B8C00193498 /* SceneDelegate.swift */,
				CE33E15F275F8B8E00193498 /* Assets.xcassets */,
				CE33E161275F8B8E00193498 /* LaunchScreen.storyboard */,
				CE33E164275F8B8E00193498 /* Info.plist */,
			);
			path = VIPER1;
			sourceTree = "<group>";
		};
		CE33E16C275F8B8E00193498 /* VIPER1Tests */ = {
			isa = PBXGroup;
			children = (
				CE33E16D275F8B8E00193498 /* VIPER1Tests.swift */,
			);
			path = VIPER1Tests;
			sourceTree = "<group>";
		};
		CE33E176275F8B8E00193498 /* VIPER1UITests */ = {
			isa = PBXGroup;
			children = (
				CE33E177275F8B8E00193498 /* VIPER1UITests.swift */,
				CE33E179275F8B8E00193498 /* VIPER1UITestsLaunchTests.swift */,
			);
			path = VIPER1UITests;
			sourceTree = "<group>";
		};
		CE33E187275F8BDD00193498 /* VIPER1 */ = {
			isa = PBXGroup;
			children = (
				CE33E188275F8C1D00193498 /* View.swift */,
				CE33E18A275F8C3500193498 /* Interactor.swift */,
				CE33E18C275F8C9B00193498 /* Presenter.swift */,
				CE33E18E275F8CC700193498 /* Entity.swift */,
				CE33E190275F8CE400193498 /* Router.swift */,
			);
			path = VIPER1;
			sourceTree = "<group>";
		};
/* End PBXGroup section */

/* Begin PBXNativeTarget section */
		CE33E152275F8B8C00193498 /* VIPER1 */ = {
			isa = PBXNativeTarget;
			buildConfigurationList = CE33E17D275F8B8E00193498 /* Build configuration list for PBXNativeTarget "VIPER1" */;
			buildPhases = (
				CE33E14F275F8B8C00193498 /* Sources */,
				CE33E150275F8B8C00193498 /* Frameworks */,
				CE33E151275F8B8C00193498 /* Resources */,
			);
			buildRules = (
			);
			dependencies = (
			);
			name = VIPER1;
			productName = VIPER1;
			productReference = CE33E153275F8B8C00193498 /* VIPER1.app */;
			productType = "com.apple.product-type.application";
		};
		CE33E168275F8B8E00193498 /* VIPER1Tests */ = {
			isa = PBXNativeTarget;
			buildConfigurationList = CE33E180275F8B8E00193498 /* Build configuration list for PBXNativeTarget "VIPER1Tests" */;
			buildPhases = (
				CE33E165275F8B8E00193498 /* Sources */,
				CE33E166275F8B8E00193498 /* Frameworks */,
				CE33E167275F8B8E00193498 /* Resources */,
			);
			buildRules = (
			);
			dependencies = (
				CE33E16B275F8B8E00193498 /* PBXTargetDependency */,
			);
			name = VIPER1Tests;
			productName = VIPER1Tests;
			productReference = CE33E169275F8B8E00193498 /* VIPER1Tests.xctest */;
			productType = "com.apple.product-type.bundle.unit-test";
		};
		CE33E172275F8B8E00193498 /* VIPER1UITests */ = {
			isa = PBXNativeTarget;
			buildConfigurationList = CE33E183275F8B8E00193498 /* Build configuration list for PBXNativeTarget "VIPER1UITests" */;
			buildPhases = (
				CE33E16F275F8B8E00193498 /* Sources */,
				CE33E170275F8B8E00193498 /* Frameworks */,
				CE33E171275F8B8E00193498 /* Resources */,
			);
			buildRules = (
			);
			dependencies = (
				CE33E175275F8B8E00193498 /* PBXTargetDependency */,
			);
			name = VIPER1UITests;
			productName = VIPER1UITests;
			productReference = CE33E173275F8B8E00193498 /* VIPER1UITests.xctest */;
			productType = "com.apple.product-type.bundle.ui-testing";
		};
/* End PBXNativeTarget section */

/* Begin PBXProject section */
		CE33E14B275F8B8C00193498 /* Project object */ = {
			isa = PBXProject;
			attributes = {
				BuildIndependentTargetsInParallel = 1;
				LastSwiftUpdateCheck = 1310;
				LastUpgradeCheck = 1310;
				TargetAttributes = {
					CE33E152275F8B8C00193498 = {
						CreatedOnToolsVersion = 13.1;
					};
					CE33E168275F8B8E00193498 = {
						CreatedOnToolsVersion = 13.1;
						TestTargetID = CE33E152275F8B8C00193498;
					};
					CE33E172275F8B8E00193498 = {
						CreatedOnToolsVersion = 13.1;
						TestTargetID = CE33E152275F8B8C00193498;
					};
				};
			};
			buildConfigurationList = CE33E14E275F8B8C00193498 /* Build configuration list for PBXProject "VIPER1" */;
			compatibilityVersion = "Xcode 13.0";
			developmentRegion = en;
			hasScannedForEncodings = 0;
			knownRegions = (
				en,
				Base,
			);
			mainGroup = CE33E14A275F8B8C00193498;
			productRefGroup = CE33E154275F8B8C00193498 /* Products */;
			projectDirPath = "";
			projectRoot = "";
			targets = (
				CE33E152275F8B8C00193498 /* VIPER1 */,
				CE33E168275F8B8E00193498 /* VIPER1Tests */,
				CE33E172275F8B8E00193498 /* VIPER1UITests */,
			);
		};
/* End PBXProject section */

/* Begin PBXResourcesBuildPhase section */
		CE33E151275F8B8C00193498 /* Resources */ = {
			isa = PBXResourcesBuildPhase;
			buildActionMask = 2147483647;
			files = (
				CE33E163275F8B8E00193498 /* LaunchScreen.storyboard in Resources */,
				CE33E160275F8B8E00193498 /* Assets.xcassets in Resources */,
			);
			runOnlyForDeploymentPostprocessing = 0;
		};
		CE33E167275F8B8E00193498 /* Resources */ = {
			isa = PBXResourcesBuildPhase;
			buildActionMask = 2147483647;
			files = (
			);
			runOnlyForDeploymentPostprocessing = 0;
		};
		CE33E171275F8B8E00193498 /* Resources */ = {
			isa = PBXResourcesBuildPhase;
			buildActionMask = 2147483647;
			files = (
			);
			runOnlyForDeploymentPostprocessing = 0;
		};
/* End PBXResourcesBuildPhase section */

/* Begin PBXSourcesBuildPhase section */
		CE33E14F275F8B8C00193498 /* Sources */ = {
			isa = PBXSourcesBuildPhase;
			buildActionMask = 2147483647;
			files = (
				CE33E191275F8CE400193498 /* Router.swift in Sources */,
				CE33E18D275F8C9B00193498 /* Presenter.swift in Sources */,
				CE33E189275F8C1D00193498 /* View.swift in Sources */,
				CE33E18F275F8CC700193498 /* Entity.swift in Sources */,
				CE33E18B275F8C3500193498 /* Interactor.swift in Sources */,
				CE33E157275F8B8C00193498 /* AppDelegate.swift in Sources */,
				CE33E159275F8B8C00193498 /* SceneDelegate.swift in Sources */,
			);
			runOnlyForDeploymentPostprocessing = 0;
		};
		CE33E165275F8B8E00193498 /* Sources */ = {
			isa = PBXSourcesBuildPhase;
			buildActionMask = 2147483647;
			files = (
				CE33E16E275F8B8E00193498 /* VIPER1Tests.swift in Sources */,
			);
			runOnlyForDeploymentPostprocessing = 0;
		};
		CE33E16F275F8B8E00193498 /* Sources */ = {
			isa = PBXSourcesBuildPhase;
			buildActionMask = 2147483647;
			files = (
				CE33E178275F8B8E00193498 /* VIPER1UITests.swift in Sources */,
				CE33E17A275F8B8E00193498 /* VIPER1UITestsLaunchTests.swift in Sources */,
			);
			runOnlyForDeploymentPostprocessing = 0;
		};
/* End PBXSourcesBuildPhase section */

/* Begin PBXTargetDependency section */
		CE33E16B275F8B8E00193498 /* PBXTargetDependency */ = {
			isa = PBXTargetDependency;
			target = CE33E152275F8B8C00193498 /* VIPER1 */;
			targetProxy = CE33E16A275F8B8E00193498 /* PBXContainerItemProxy */;
		};
		CE33E175275F8B8E00193498 /* PBXTargetDependency */ = {
			isa = PBXTargetDependency;
			target = CE33E152275F8B8C00193498 /* VIPER1 */;
			targetProxy = CE33E174275F8B8E00193498 /* PBXContainerItemProxy */;
		};
/* End PBXTargetDependency section */

/* Begin PBXVariantGroup section */
		CE33E161275F8B8E00193498 /* LaunchScreen.storyboard */ = {
			isa = PBXVariantGroup;
			children = (
				CE33E162275F8B8E00193498 /* Base */,
			);
			name = LaunchScreen.storyboard;
			sourceTree = "<group>";
		};
/* End PBXVariantGroup section */

/* Begin XCBuildConfiguration section */
		CE33E17B275F8B8E00193498 /* Debug */ = {
			isa = XCBuildConfiguration;
			buildSettings = {
				ALWAYS_SEARCH_USER_PATHS = NO;
				CLANG_ANALYZER_NONNULL = YES;
				CLANG_ANALYZER_NUMBER_OBJECT_CONVERSION = YES_AGGRESSIVE;
				CLANG_CXX_LANGUAGE_STANDARD = "gnu++17";
				CLANG_CXX_LIBRARY = "libc++";
				CLANG_ENABLE_MODULES = YES;
				CLANG_ENABLE_OBJC_ARC = YES;
				CLANG_ENABLE_OBJC_WEAK = YES;
				CLANG_WARN_BLOCK_CAPTURE_AUTORELEASING = YES;
				CLANG_WARN_BOOL_CONVERSION = YES;
				CLANG_WARN_COMMA = YES;
				CLANG_WARN_CONSTANT_CONVERSION = YES;
				CLANG_WARN_DEPRECATED_OBJC_IMPLEMENTATIONS = YES;
				CLANG_WARN_DIRECT_OBJC_ISA_USAGE = YES_ERROR;
				CLANG_WARN_DOCUMENTATION_COMMENTS = YES;
				CLANG_WARN_EMPTY_BODY = YES;
				CLANG_WARN_ENUM_CONVERSION = YES;
				CLANG_WARN_INFINITE_RECURSION = YES;
				CLANG_WARN_INT_CONVERSION = YES;
				CLANG_WARN_NON_LITERAL_NULL_CONVERSION = YES;
				CLANG_WARN_OBJC_IMPLICIT_RETAIN_SELF = YES;
				CLANG_WARN_OBJC_LITERAL_CONVERSION = YES;
				CLANG_WARN_OBJC_ROOT_CLASS = YES_ERROR;
				CLANG_WARN_QUOTED_INCLUDE_IN_FRAMEWORK_HEADER = YES;
				CLANG_WARN_RANGE_LOOP_ANALYSIS = YES;
				CLANG_WARN_STRICT_PROTOTYPES = YES;
				CLANG_WARN_SUSPICIOUS_MOVE = YES;
				CLANG_WARN_UNGUARDED_AVAILABILITY = YES_AGGRESSIVE;
				CLANG_WARN_UNREACHABLE_CODE = YES;
				CLANG_WARN__DUPLICATE_METHOD_MATCH = YES;
				COPY_PHASE_STRIP = NO;
				DEBUG_INFORMATION_FORMAT = dwarf;
				ENABLE_STRICT_OBJC_MSGSEND = YES;
				ENABLE_TESTABILITY = YES;
				GCC_C_LANGUAGE_STANDARD = gnu11;
				GCC_DYNAMIC_NO_PIC = NO;
				GCC_NO_COMMON_BLOCKS = YES;
				GCC_OPTIMIZATION_LEVEL = 0;
				GCC_PREPROCESSOR_DEFINITIONS = (
					"DEBUG=1",
					"$(inherited)",
				);
				GCC_WARN_64_TO_32_BIT_CONVERSION = YES;
				GCC_WARN_ABOUT_RETURN_TYPE = YES_ERROR;
				GCC_WARN_UNDECLARED_SELECTOR = YES;
				GCC_WARN_UNINITIALIZED_AUTOS = YES_AGGRESSIVE;
				GCC_WARN_UNUSED_FUNCTION = YES;
				GCC_WARN_UNUSED_VARIABLE = YES;
				IPHONEOS_DEPLOYMENT_TARGET = 15.0;
				MTL_ENABLE_DEBUG_INFO = INCLUDE_SOURCE;
				MTL_FAST_MATH = YES;
				ONLY_ACTIVE_ARCH = YES;
				SDKROOT = iphoneos;
				SWIFT_ACTIVE_COMPILATION_CONDITIONS = DEBUG;
				SWIFT_OPTIMIZATION_LEVEL = "-Onone";
			};
			name = Debug;
		};
		CE33E17C275F8B8E00193498 /* Release */ = {
			isa = XCBuildConfiguration;
			buildSettings = {
				ALWAYS_SEARCH_USER_PATHS = NO;
				CLANG_ANALYZER_NONNULL = YES;
				CLANG_ANALYZER_NUMBER_OBJECT_CONVERSION = YES_AGGRESSIVE;
				CLANG_CXX_LANGUAGE_STANDARD = "gnu++17";
				CLANG_CXX_LIBRARY = "libc++";
				CLANG_ENABLE_MODULES = YES;
				CLANG_ENABLE_OBJC_ARC = YES;
				CLANG_ENABLE_OBJC_WEAK = YES;
				CLANG_WARN_BLOCK_CAPTURE_AUTORELEASING = YES;
				CLANG_WARN_BOOL_CONVERSION = YES;
				CLANG_WARN_COMMA = YES;
				CLANG_WARN_CONSTANT_CONVERSION = YES;
				CLANG_WARN_DEPRECATED_OBJC_IMPLEMENTATIONS = YES;
				CLANG_WARN_DIRECT_OBJC_ISA_USAGE = YES_ERROR;
				CLANG_WARN_DOCUMENTATION_COMMENTS = YES;
				CLANG_WARN_EMPTY_BODY = YES;
				CLANG_WARN_ENUM_CONVERSION = YES;
				CLANG_WARN_INFINITE_RECURSION = YES;
				CLANG_WARN_INT_CONVERSION = YES;
				CLANG_WARN_NON_LITERAL_NULL_CONVERSION = YES;
				CLANG_WARN_OBJC_IMPLICIT_RETAIN_SELF = YES;
				CLANG_WARN_OBJC_LITERAL_CONVERSION = YES;
				CLANG_WARN_OBJC_ROOT_CLASS = YES_ERROR;
				CLANG_WARN_QUOTED_INCLUDE_IN_FRAMEWORK_HEADER = YES;
				CLANG_WARN_RANGE_LOOP_ANALYSIS = YES;
				CLANG_WARN_STRICT_PROTOTYPES = YES;
				CLANG_WARN_SUSPICIOUS_MOVE = YES;
				CLANG_WARN_UNGUARDED_AVAILABILITY = YES_AGGRESSIVE;
				CLANG_WARN_UNREACHABLE_CODE = YES;
				CLANG_WARN__DUPLICATE_METHOD_MATCH = YES;
				COPY_PHASE_STRIP = NO;
				DEBUG_INFORMATION_FORMAT = "dwarf-with-dsym";
				ENABLE_NS_ASSERTIONS = NO;
				ENABLE_STRICT_OBJC_MSGSEND = YES;
				GCC_C_LANGUAGE_STANDARD = gnu11;
				GCC_NO_COMMON_BLOCKS = YES;
				GCC_WARN_64_TO_32_BIT_CONVERSION = YES;
				GCC_WARN_ABOUT_RETURN_TYPE = YES_ERROR;
				GCC_WARN_UNDECLARED_SELECTOR = YES;
				GCC_WARN_UNINITIALIZED_AUTOS = YES_AGGRESSIVE;
				GCC_WARN_UNUSED_FUNCTION = YES;
				GCC_WARN_UNUSED_VARIABLE = YES;
				IPHONEOS_DEPLOYMENT_TARGET = 15.0;
				MTL_ENABLE_DEBUG_INFO = NO;
				MTL_FAST_MATH = YES;
				SDKROOT = iphoneos;
				SWIFT_COMPILATION_MODE = wholemodule;
				SWIFT_OPTIMIZATION_LEVEL = "-O";
				VALIDATE_PRODUCT = YES;
			};
			name = Release;
		};
		CE33E17E275F8B8E00193498 /* Debug */ = {
			isa = XCBuildConfiguration;
			buildSettings = {
				ASSETCATALOG_COMPILER_APPICON_NAME = AppIcon;
				ASSETCATALOG_COMPILER_GLOBAL_ACCENT_COLOR_NAME = AccentColor;
				CODE_SIGN_STYLE = Automatic;
				CURRENT_PROJECT_VERSION = 1;
				GENERATE_INFOPLIST_FILE = YES;
				INFOPLIST_FILE = VIPER1/Info.plist;
				INFOPLIST_KEY_UIApplicationSupportsIndirectInputEvents = YES;
				INFOPLIST_KEY_UILaunchStoryboardName = LaunchScreen;
				INFOPLIST_KEY_UISupportedInterfaceOrientations_iPad = "UIInterfaceOrientationPortrait UIInterfaceOrientationPortraitUpsideDown UIInterfaceOrientationLandscapeLeft UIInterfaceOrientationLandscapeRight";
				INFOPLIST_KEY_UISupportedInterfaceOrientations_iPhone = "UIInterfaceOrientationPortrait UIInterfaceOrientationLandscapeLeft UIInterfaceOrientationLandscapeRight";
				LD_RUNPATH_SEARCH_PATHS = (
					"$(inherited)",
					"@executable_path/Frameworks",
				);
				MARKETING_VERSION = 1.0;
				PRODUCT_BUNDLE_IDENTIFIER = home.VIPER1;
				PRODUCT_NAME = "$(TARGET_NAME)";
				SWIFT_EMIT_LOC_STRINGS = YES;
				SWIFT_VERSION = 5.0;
				TARGETED_DEVICE_FAMILY = "1,2";
			};
			name = Debug;
		};
		CE33E17F275F8B8E00193498 /* Release */ = {
			isa = XCBuildConfiguration;
			buildSettings = {
				ASSETCATALOG_COMPILER_APPICON_NAME = AppIcon;
				ASSETCATALOG_COMPILER_GLOBAL_ACCENT_COLOR_NAME = AccentColor;
				CODE_SIGN_STYLE = Automatic;
				CURRENT_PROJECT_VERSION = 1;
				GENERATE_INFOPLIST_FILE = YES;
				INFOPLIST_FILE = VIPER1/Info.plist;
				INFOPLIST_KEY_UIApplicationSupportsIndirectInputEvents = YES;
				INFOPLIST_KEY_UILaunchStoryboardName = LaunchScreen;
				INFOPLIST_KEY_UISupportedInterfaceOrientations_iPad = "UIInterfaceOrientationPortrait UIInterfaceOrientationPortraitUpsideDown UIInterfaceOrientationLandscapeLeft UIInterfaceOrientationLandscapeRight";
				INFOPLIST_KEY_UISupportedInterfaceOrientations_iPhone = "UIInterfaceOrientationPortrait UIInterfaceOrientationLandscapeLeft UIInterfaceOrientationLandscapeRight";
				LD_RUNPATH_SEARCH_PATHS = (
					"$(inherited)",
					"@executable_path/Frameworks",
				);
				MARKETING_VERSION = 1.0;
				PRODUCT_BUNDLE_IDENTIFIER = home.VIPER1;
				PRODUCT_NAME = "$(TARGET_NAME)";
				SWIFT_EMIT_LOC_STRINGS = YES;
				SWIFT_VERSION = 5.0;
				TARGETED_DEVICE_FAMILY = "1,2";
			};
			name = Release;
		};
		CE33E181275F8B8E00193498 /* Debug */ = {
			isa = XCBuildConfiguration;
			buildSettings = {
				ALWAYS_EMBED_SWIFT_STANDARD_LIBRARIES = YES;
				BUNDLE_LOADER = "$(TEST_HOST)";
				CODE_SIGN_STYLE = Automatic;
				CURRENT_PROJECT_VERSION = 1;
				GENERATE_INFOPLIST_FILE = YES;
				IPHONEOS_DEPLOYMENT_TARGET = 15.0;
				LD_RUNPATH_SEARCH_PATHS = (
					"$(inherited)",
					"@executable_path/Frameworks",
					"@loader_path/Frameworks",
				);
				MARKETING_VERSION = 1.0;
				PRODUCT_BUNDLE_IDENTIFIER = home.VIPER1Tests;
				PRODUCT_NAME = "$(TARGET_NAME)";
				SWIFT_EMIT_LOC_STRINGS = NO;
				SWIFT_VERSION = 5.0;
				TARGETED_DEVICE_FAMILY = "1,2";
				TEST_HOST = "$(BUILT_PRODUCTS_DIR)/VIPER1.app/VIPER1";
			};
			name = Debug;
		};
		CE33E182275F8B8E00193498 /* Release */ = {
			isa = XCBuildConfiguration;
			buildSettings = {
				ALWAYS_EMBED_SWIFT_STANDARD_LIBRARIES = YES;
				BUNDLE_LOADER = "$(TEST_HOST)";
				CODE_SIGN_STYLE = Automatic;
				CURRENT_PROJECT_VERSION = 1;
				GENERATE_INFOPLIST_FILE = YES;
				IPHONEOS_DEPLOYMENT_TARGET = 15.0;
				LD_RUNPATH_SEARCH_PATHS = (
					"$(inherited)",
					"@executable_path/Frameworks",
					"@loader_path/Frameworks",
				);
				MARKETING_VERSION = 1.0;
				PRODUCT_BUNDLE_IDENTIFIER = home.VIPER1Tests;
				PRODUCT_NAME = "$(TARGET_NAME)";
				SWIFT_EMIT_LOC_STRINGS = NO;
				SWIFT_VERSION = 5.0;
				TARGETED_DEVICE_FAMILY = "1,2";
				TEST_HOST = "$(BUILT_PRODUCTS_DIR)/VIPER1.app/VIPER1";
			};
			name = Release;
		};
		CE33E184275F8B8E00193498 /* Debug */ = {
			isa = XCBuildConfiguration;
			buildSettings = {
				ALWAYS_EMBED_SWIFT_STANDARD_LIBRARIES = YES;
				CODE_SIGN_STYLE = Automatic;
				CURRENT_PROJECT_VERSION = 1;
				GENERATE_INFOPLIST_FILE = YES;
				LD_RUNPATH_SEARCH_PATHS = (
					"$(inherited)",
					"@executable_path/Frameworks",
					"@loader_path/Frameworks",
				);
				MARKETING_VERSION = 1.0;
				PRODUCT_BUNDLE_IDENTIFIER = home.VIPER1UITests;
				PRODUCT_NAME = "$(TARGET_NAME)";
				SWIFT_EMIT_LOC_STRINGS = NO;
				SWIFT_VERSION = 5.0;
				TARGETED_DEVICE_FAMILY = "1,2";
				TEST_TARGET_NAME = VIPER1;
			};
			name = Debug;
		};
		CE33E185275F8B8E00193498 /* Release */ = {
			isa = XCBuildConfiguration;
			buildSettings = {
				ALWAYS_EMBED_SWIFT_STANDARD_LIBRARIES = YES;
				CODE_SIGN_STYLE = Automatic;
				CURRENT_PROJECT_VERSION = 1;
				GENERATE_INFOPLIST_FILE = YES;
				LD_RUNPATH_SEARCH_PATHS = (
					"$(inherited)",
					"@executable_path/Frameworks",
					"@loader_path/Frameworks",
				);
				MARKETING_VERSION = 1.0;
				PRODUCT_BUNDLE_IDENTIFIER = home.VIPER1UITests;
				PRODUCT_NAME = "$(TARGET_NAME)";
				SWIFT_EMIT_LOC_STRINGS = NO;
				SWIFT_VERSION = 5.0;
				TARGETED_DEVICE_FAMILY = "1,2";
				TEST_TARGET_NAME = VIPER1;
			};
			name = Release;
		};
/* End XCBuildConfiguration section */

/* Begin XCConfigurationList section */
		CE33E14E275F8B8C00193498 /* Build configuration list for PBXProject "VIPER1" */ = {
			isa = XCConfigurationList;
			buildConfigurations = (
				CE33E17B275F8B8E00193498 /* Debug */,
				CE33E17C275F8B8E00193498 /* Release */,
			);
			defaultConfigurationIsVisible = 0;
			defaultConfigurationName = Release;
		};
		CE33E17D275F8B8E00193498 /* Build configuration list for PBXNativeTarget "VIPER1" */ = {
			isa = XCConfigurationList;
			buildConfigurations = (
				CE33E17E275F8B8E00193498 /* Debug */,
				CE33E17F275F8B8E00193498 /* Release */,
			);
			defaultConfigurationIsVisible = 0;
			defaultConfigurationName = Release;
		};
		CE33E180275F8B8E00193498 /* Build configuration list for PBXNativeTarget "VIPER1Tests" */ = {
			isa = XCConfigurationList;
			buildConfigurations = (
				CE33E181275F8B8E00193498 /* Debug */,
				CE33E182275F8B8E00193498 /* Release */,
			);
			defaultConfigurationIsVisible = 0;
			defaultConfigurationName = Release;
		};
		CE33E183275F8B8E00193498 /* Build configuration list for PBXNativeTarget "VIPER1UITests" */ = {
			isa = XCConfigurationList;
			buildConfigurations = (
				CE33E184275F8B8E00193498 /* Debug */,
				CE33E185275F8B8E00193498 /* Release */,
			);
			defaultConfigurationIsVisible = 0;
			defaultConfigurationName = Release;
		};
/* End XCConfigurationList section */
	};
	rootObject = CE33E14B275F8B8C00193498 /* Project object */;
}
